// !$*UTF8*$!
{
	archiveVersion = 1;
	classes = {
	};
	objectVersion = 46;
	objects = {

/* Begin PBXBuildFile section */
		ADC21D7F208C5DE400200022 /* CalendarView_iOS.h in Headers */ = {isa = PBXBuildFile; fileRef = ADC21D7D208C5DE400200022 /* CalendarView_iOS.h */; settings = {ATTRIBUTES = (Public, ); }; };
		ADC21D82208C5DE400200022 /* CalendarView_iOS.framework in Frameworks */ = {isa = PBXBuildFile; fileRef = ADC21D7B208C5DE400200022 /* CalendarView_iOS.framework */; };
		ADC21D83208C5DE400200022 /* CalendarView_iOS.framework in Embed Frameworks */ = {isa = PBXBuildFile; fileRef = ADC21D7B208C5DE400200022 /* CalendarView_iOS.framework */; settings = {ATTRIBUTES = (CodeSignOnCopy, RemoveHeadersOnCopy, ); }; };
		ADC21D88208C5DED00200022 /* CalendarView.swift in Sources */ = {isa = PBXBuildFile; fileRef = C7C16A6F1CBBE536004DC8CF /* CalendarView.swift */; };
		ADC21D89208C5DED00200022 /* CalendarView+Style.swift in Sources */ = {isa = PBXBuildFile; fileRef = FC3FB289200F912000469B6B /* CalendarView+Style.swift */; };
		ADC21D8A208C5DED00200022 /* CalendarDayCell.swift in Sources */ = {isa = PBXBuildFile; fileRef = C7C16A6C1CBBE536004DC8CF /* CalendarDayCell.swift */; };
		ADC21D8B208C5DED00200022 /* CalendarFlowLayout.swift in Sources */ = {isa = PBXBuildFile; fileRef = C7C16A6D1CBBE536004DC8CF /* CalendarFlowLayout.swift */; };
		ADC21D8C208C5DED00200022 /* CalendarHeaderView.swift in Sources */ = {isa = PBXBuildFile; fileRef = C7C16A6E1CBBE536004DC8CF /* CalendarHeaderView.swift */; };
		ADC21D8D208C5DED00200022 /* CalendarView+DataSource.swift in Sources */ = {isa = PBXBuildFile; fileRef = C7EF3F451F9F846000C2DF2D /* CalendarView+DataSource.swift */; };
		ADC21D8E208C5DEE00200022 /* CalendarView+Delegate.swift in Sources */ = {isa = PBXBuildFile; fileRef = C7EF3F471F9F84ED00C2DF2D /* CalendarView+Delegate.swift */; };
		ADC21D8F208C5DEE00200022 /* EventsManager.swift in Sources */ = {isa = PBXBuildFile; fileRef = C7EF3F4B1FA1D6F900C2DF2D /* EventsManager.swift */; };
		ADC21D90208C5DEE00200022 /* CalendarView+Extensions.swift in Sources */ = {isa = PBXBuildFile; fileRef = C7EF3F491F9F8DF800C2DF2D /* CalendarView+Extensions.swift */; };
		BEF6665F1AEA50140012EC2E /* EventKit.framework in Frameworks */ = {isa = PBXBuildFile; fileRef = BEF6665E1AEA50140012EC2E /* EventKit.framework */; };
		BEFD65551ACC072000ADE917 /* AppDelegate.swift in Sources */ = {isa = PBXBuildFile; fileRef = BEFD65541ACC072000ADE917 /* AppDelegate.swift */; };
		BEFD65571ACC072000ADE917 /* ViewController.swift in Sources */ = {isa = PBXBuildFile; fileRef = BEFD65561ACC072000ADE917 /* ViewController.swift */; };
		BEFD655A1ACC072000ADE917 /* Main.storyboard in Resources */ = {isa = PBXBuildFile; fileRef = BEFD65581ACC072000ADE917 /* Main.storyboard */; };
		BEFD655C1ACC072000ADE917 /* Images.xcassets in Resources */ = {isa = PBXBuildFile; fileRef = BEFD655B1ACC072000ADE917 /* Images.xcassets */; };
		BEFD655F1ACC072000ADE917 /* LaunchScreen.xib in Resources */ = {isa = PBXBuildFile; fileRef = BEFD655D1ACC072000ADE917 /* LaunchScreen.xib */; };
		BEFD656B1ACC072000ADE917 /* KDCalendarTests.swift in Sources */ = {isa = PBXBuildFile; fileRef = BEFD656A1ACC072000ADE917 /* KDCalendarTests.swift */; };
		C7C16A701CBBE536004DC8CF /* CalendarDayCell.swift in Sources */ = {isa = PBXBuildFile; fileRef = C7C16A6C1CBBE536004DC8CF /* CalendarDayCell.swift */; };
		C7C16A711CBBE536004DC8CF /* CalendarFlowLayout.swift in Sources */ = {isa = PBXBuildFile; fileRef = C7C16A6D1CBBE536004DC8CF /* CalendarFlowLayout.swift */; };
		C7C16A721CBBE536004DC8CF /* CalendarHeaderView.swift in Sources */ = {isa = PBXBuildFile; fileRef = C7C16A6E1CBBE536004DC8CF /* CalendarHeaderView.swift */; };
		C7C16A731CBBE536004DC8CF /* CalendarView.swift in Sources */ = {isa = PBXBuildFile; fileRef = C7C16A6F1CBBE536004DC8CF /* CalendarView.swift */; };
		C7EF3F461F9F846000C2DF2D /* CalendarView+DataSource.swift in Sources */ = {isa = PBXBuildFile; fileRef = C7EF3F451F9F846000C2DF2D /* CalendarView+DataSource.swift */; };
		C7EF3F481F9F84ED00C2DF2D /* CalendarView+Delegate.swift in Sources */ = {isa = PBXBuildFile; fileRef = C7EF3F471F9F84ED00C2DF2D /* CalendarView+Delegate.swift */; };
		C7EF3F4A1F9F8DF800C2DF2D /* CalendarView+Extensions.swift in Sources */ = {isa = PBXBuildFile; fileRef = C7EF3F491F9F8DF800C2DF2D /* CalendarView+Extensions.swift */; };
		C7EF3F4C1FA1D6F900C2DF2D /* EventsManager.swift in Sources */ = {isa = PBXBuildFile; fileRef = C7EF3F4B1FA1D6F900C2DF2D /* EventsManager.swift */; };
		FC3FB28A200F912000469B6B /* CalendarView+Style.swift in Sources */ = {isa = PBXBuildFile; fileRef = FC3FB289200F912000469B6B /* CalendarView+Style.swift */; };
/* End PBXBuildFile section */

/* Begin PBXContainerItemProxy section */
		ADC21D80208C5DE400200022 /* PBXContainerItemProxy */ = {
			isa = PBXContainerItemProxy;
			containerPortal = BEFD65471ACC072000ADE917 /* Project object */;
			proxyType = 1;
			remoteGlobalIDString = ADC21D7A208C5DE400200022;
			remoteInfo = "CalendarView iOS";
		};
		BEFD65651ACC072000ADE917 /* PBXContainerItemProxy */ = {
			isa = PBXContainerItemProxy;
			containerPortal = BEFD65471ACC072000ADE917 /* Project object */;
			proxyType = 1;
			remoteGlobalIDString = BEFD654E1ACC072000ADE917;
			remoteInfo = KDCalendar;
		};
/* End PBXContainerItemProxy section */

/* Begin PBXCopyFilesBuildPhase section */
		ADC21D87208C5DE400200022 /* Embed Frameworks */ = {
			isa = PBXCopyFilesBuildPhase;
			buildActionMask = 2147483647;
			dstPath = "";
			dstSubfolderSpec = 10;
			files = (
				ADC21D83208C5DE400200022 /* CalendarView_iOS.framework in Embed Frameworks */,
			);
			name = "Embed Frameworks";
			runOnlyForDeploymentPostprocessing = 0;
		};
/* End PBXCopyFilesBuildPhase section */

/* Begin PBXFileReference section */
		ADC21D7B208C5DE400200022 /* CalendarView_iOS.framework */ = {isa = PBXFileReference; explicitFileType = wrapper.framework; includeInIndex = 0; path = CalendarView_iOS.framework; sourceTree = BUILT_PRODUCTS_DIR; };
		ADC21D7D208C5DE400200022 /* CalendarView_iOS.h */ = {isa = PBXFileReference; lastKnownFileType = sourcecode.c.h; path = CalendarView_iOS.h; sourceTree = "<group>"; };
		ADC21D7E208C5DE400200022 /* Info.plist */ = {isa = PBXFileReference; lastKnownFileType = text.plist.xml; path = Info.plist; sourceTree = "<group>"; };
		BEF6665E1AEA50140012EC2E /* EventKit.framework */ = {isa = PBXFileReference; lastKnownFileType = wrapper.framework; name = EventKit.framework; path = System/Library/Frameworks/EventKit.framework; sourceTree = SDKROOT; };
		BEFD654F1ACC072000ADE917 /* CalendarView.app */ = {isa = PBXFileReference; explicitFileType = wrapper.application; includeInIndex = 0; path = CalendarView.app; sourceTree = BUILT_PRODUCTS_DIR; };
		BEFD65531ACC072000ADE917 /* Info.plist */ = {isa = PBXFileReference; lastKnownFileType = text.plist.xml; path = Info.plist; sourceTree = "<group>"; };
		BEFD65541ACC072000ADE917 /* AppDelegate.swift */ = {isa = PBXFileReference; lastKnownFileType = sourcecode.swift; path = AppDelegate.swift; sourceTree = "<group>"; };
		BEFD65561ACC072000ADE917 /* ViewController.swift */ = {isa = PBXFileReference; lastKnownFileType = sourcecode.swift; path = ViewController.swift; sourceTree = "<group>"; };
		BEFD65591ACC072000ADE917 /* Base */ = {isa = PBXFileReference; lastKnownFileType = file.storyboard; name = Base; path = Base.lproj/Main.storyboard; sourceTree = "<group>"; };
		BEFD655B1ACC072000ADE917 /* Images.xcassets */ = {isa = PBXFileReference; lastKnownFileType = folder.assetcatalog; path = Images.xcassets; sourceTree = "<group>"; };
		BEFD655E1ACC072000ADE917 /* Base */ = {isa = PBXFileReference; lastKnownFileType = file.xib; name = Base; path = Base.lproj/LaunchScreen.xib; sourceTree = "<group>"; };
		BEFD65641ACC072000ADE917 /* CalendarViewTests.xctest */ = {isa = PBXFileReference; explicitFileType = wrapper.cfbundle; includeInIndex = 0; path = CalendarViewTests.xctest; sourceTree = BUILT_PRODUCTS_DIR; };
		BEFD65691ACC072000ADE917 /* Info.plist */ = {isa = PBXFileReference; lastKnownFileType = text.plist.xml; path = Info.plist; sourceTree = "<group>"; };
		BEFD656A1ACC072000ADE917 /* KDCalendarTests.swift */ = {isa = PBXFileReference; lastKnownFileType = sourcecode.swift; path = KDCalendarTests.swift; sourceTree = "<group>"; };
		C7C16A6C1CBBE536004DC8CF /* CalendarDayCell.swift */ = {isa = PBXFileReference; fileEncoding = 4; lastKnownFileType = sourcecode.swift; path = CalendarDayCell.swift; sourceTree = "<group>"; };
		C7C16A6D1CBBE536004DC8CF /* CalendarFlowLayout.swift */ = {isa = PBXFileReference; fileEncoding = 4; lastKnownFileType = sourcecode.swift; path = CalendarFlowLayout.swift; sourceTree = "<group>"; };
		C7C16A6E1CBBE536004DC8CF /* CalendarHeaderView.swift */ = {isa = PBXFileReference; fileEncoding = 4; lastKnownFileType = sourcecode.swift; path = CalendarHeaderView.swift; sourceTree = "<group>"; };
		C7C16A6F1CBBE536004DC8CF /* CalendarView.swift */ = {isa = PBXFileReference; fileEncoding = 4; lastKnownFileType = sourcecode.swift; path = CalendarView.swift; sourceTree = "<group>"; };
		C7EF3F451F9F846000C2DF2D /* CalendarView+DataSource.swift */ = {isa = PBXFileReference; lastKnownFileType = sourcecode.swift; path = "CalendarView+DataSource.swift"; sourceTree = "<group>"; };
		C7EF3F471F9F84ED00C2DF2D /* CalendarView+Delegate.swift */ = {isa = PBXFileReference; lastKnownFileType = sourcecode.swift; path = "CalendarView+Delegate.swift"; sourceTree = "<group>"; };
		C7EF3F491F9F8DF800C2DF2D /* CalendarView+Extensions.swift */ = {isa = PBXFileReference; lastKnownFileType = sourcecode.swift; path = "CalendarView+Extensions.swift"; sourceTree = "<group>"; };
		C7EF3F4B1FA1D6F900C2DF2D /* EventsManager.swift */ = {isa = PBXFileReference; lastKnownFileType = sourcecode.swift; path = EventsManager.swift; sourceTree = "<group>"; };
		FC3FB289200F912000469B6B /* CalendarView+Style.swift */ = {isa = PBXFileReference; lastKnownFileType = sourcecode.swift; path = "CalendarView+Style.swift"; sourceTree = "<group>"; };
/* End PBXFileReference section */

/* Begin PBXFrameworksBuildPhase section */
		ADC21D77208C5DE400200022 /* Frameworks */ = {
			isa = PBXFrameworksBuildPhase;
			buildActionMask = 2147483647;
			files = (
			);
			runOnlyForDeploymentPostprocessing = 0;
		};
		BEFD654C1ACC072000ADE917 /* Frameworks */ = {
			isa = PBXFrameworksBuildPhase;
			buildActionMask = 2147483647;
			files = (
				BEF6665F1AEA50140012EC2E /* EventKit.framework in Frameworks */,
				ADC21D82208C5DE400200022 /* CalendarView_iOS.framework in Frameworks */,
			);
			runOnlyForDeploymentPostprocessing = 0;
		};
		BEFD65611ACC072000ADE917 /* Frameworks */ = {
			isa = PBXFrameworksBuildPhase;
			buildActionMask = 2147483647;
			files = (
			);
			runOnlyForDeploymentPostprocessing = 0;
		};
/* End PBXFrameworksBuildPhase section */

/* Begin PBXGroup section */
		ADC21D7C208C5DE400200022 /* CalendarView iOS */ = {
			isa = PBXGroup;
			children = (
				ADC21D7D208C5DE400200022 /* CalendarView_iOS.h */,
				ADC21D7E208C5DE400200022 /* Info.plist */,
			);
			path = "CalendarView iOS";
			sourceTree = "<group>";
		};
		BEFD65461ACC072000ADE917 = {
			isa = PBXGroup;
			children = (
				BEF6665E1AEA50140012EC2E /* EventKit.framework */,
				BEFD65511ACC072000ADE917 /* KDCalendar */,
				BEFD65671ACC072000ADE917 /* KDCalendarTests */,
				ADC21D7C208C5DE400200022 /* CalendarView iOS */,
				BEFD65501ACC072000ADE917 /* Products */,
			);
			sourceTree = "<group>";
		};
		BEFD65501ACC072000ADE917 /* Products */ = {
			isa = PBXGroup;
			children = (
				BEFD654F1ACC072000ADE917 /* CalendarView.app */,
				BEFD65641ACC072000ADE917 /* CalendarViewTests.xctest */,
				ADC21D7B208C5DE400200022 /* CalendarView_iOS.framework */,
			);
			name = Products;
			sourceTree = "<group>";
		};
		BEFD65511ACC072000ADE917 /* KDCalendar */ = {
			isa = PBXGroup;
			children = (
				BEFD65541ACC072000ADE917 /* AppDelegate.swift */,
				BEFD65561ACC072000ADE917 /* ViewController.swift */,
				BEFD65741ACC074A00ADE917 /* CalendarView */,
				BEFD65581ACC072000ADE917 /* Main.storyboard */,
				BEFD655B1ACC072000ADE917 /* Images.xcassets */,
				BEFD655D1ACC072000ADE917 /* LaunchScreen.xib */,
				BEFD65521ACC072000ADE917 /* Supporting Files */,
			);
			path = KDCalendar;
			sourceTree = "<group>";
		};
		BEFD65521ACC072000ADE917 /* Supporting Files */ = {
			isa = PBXGroup;
			children = (
				BEFD65531ACC072000ADE917 /* Info.plist */,
			);
			name = "Supporting Files";
			sourceTree = "<group>";
		};
		BEFD65671ACC072000ADE917 /* KDCalendarTests */ = {
			isa = PBXGroup;
			children = (
				BEFD656A1ACC072000ADE917 /* KDCalendarTests.swift */,
				BEFD65681ACC072000ADE917 /* Supporting Files */,
			);
			path = KDCalendarTests;
			sourceTree = "<group>";
		};
		BEFD65681ACC072000ADE917 /* Supporting Files */ = {
			isa = PBXGroup;
			children = (
				BEFD65691ACC072000ADE917 /* Info.plist */,
			);
			name = "Supporting Files";
			sourceTree = "<group>";
		};
		BEFD65741ACC074A00ADE917 /* CalendarView */ = {
			isa = PBXGroup;
			children = (
				C7C16A6F1CBBE536004DC8CF /* CalendarView.swift */,
				FC3FB289200F912000469B6B /* CalendarView+Style.swift */,
				C7C16A6C1CBBE536004DC8CF /* CalendarDayCell.swift */,
				C7C16A6D1CBBE536004DC8CF /* CalendarFlowLayout.swift */,
				C7C16A6E1CBBE536004DC8CF /* CalendarHeaderView.swift */,
				C7EF3F451F9F846000C2DF2D /* CalendarView+DataSource.swift */,
				C7EF3F471F9F84ED00C2DF2D /* CalendarView+Delegate.swift */,
				C7EF3F491F9F8DF800C2DF2D /* CalendarView+Extensions.swift */,
				C7EF3F4B1FA1D6F900C2DF2D /* EventsManager.swift */,
			);
			path = CalendarView;
			sourceTree = "<group>";
		};
/* End PBXGroup section */

/* Begin PBXHeadersBuildPhase section */
		ADC21D78208C5DE400200022 /* Headers */ = {
			isa = PBXHeadersBuildPhase;
			buildActionMask = 2147483647;
			files = (
				ADC21D7F208C5DE400200022 /* CalendarView_iOS.h in Headers */,
			);
			runOnlyForDeploymentPostprocessing = 0;
		};
/* End PBXHeadersBuildPhase section */

/* Begin PBXNativeTarget section */
		ADC21D7A208C5DE400200022 /* CalendarView_iOS */ = {
			isa = PBXNativeTarget;
			buildConfigurationList = ADC21D86208C5DE400200022 /* Build configuration list for PBXNativeTarget "CalendarView_iOS" */;
			buildPhases = (
				ADC21D76208C5DE400200022 /* Sources */,
				ADC21D77208C5DE400200022 /* Frameworks */,
				ADC21D78208C5DE400200022 /* Headers */,
				ADC21D79208C5DE400200022 /* Resources */,
			);
			buildRules = (
			);
			dependencies = (
			);
			name = CalendarView_iOS;
			productName = "CalendarView iOS";
			productReference = ADC21D7B208C5DE400200022 /* CalendarView_iOS.framework */;
			productType = "com.apple.product-type.framework";
		};
		BEFD654E1ACC072000ADE917 /* CalendarView */ = {
			isa = PBXNativeTarget;
			buildConfigurationList = BEFD656E1ACC072000ADE917 /* Build configuration list for PBXNativeTarget "CalendarView" */;
			buildPhases = (
				BEFD654B1ACC072000ADE917 /* Sources */,
				BEFD654C1ACC072000ADE917 /* Frameworks */,
				BEFD654D1ACC072000ADE917 /* Resources */,
				ADC21D87208C5DE400200022 /* Embed Frameworks */,
			);
			buildRules = (
			);
			dependencies = (
				ADC21D81208C5DE400200022 /* PBXTargetDependency */,
			);
			name = CalendarView;
			productName = KDCalendar;
			productReference = BEFD654F1ACC072000ADE917 /* CalendarView.app */;
			productType = "com.apple.product-type.application";
		};
		BEFD65631ACC072000ADE917 /* CalendarViewTests */ = {
			isa = PBXNativeTarget;
			buildConfigurationList = BEFD65711ACC072000ADE917 /* Build configuration list for PBXNativeTarget "CalendarViewTests" */;
			buildPhases = (
				BEFD65601ACC072000ADE917 /* Sources */,
				BEFD65611ACC072000ADE917 /* Frameworks */,
				BEFD65621ACC072000ADE917 /* Resources */,
			);
			buildRules = (
			);
			dependencies = (
				BEFD65661ACC072000ADE917 /* PBXTargetDependency */,
			);
			name = CalendarViewTests;
			productName = KDCalendarTests;
			productReference = BEFD65641ACC072000ADE917 /* CalendarViewTests.xctest */;
			productType = "com.apple.product-type.bundle.unit-test";
		};
/* End PBXNativeTarget section */

/* Begin PBXProject section */
		BEFD65471ACC072000ADE917 /* Project object */ = {
			isa = PBXProject;
			attributes = {
				LastSwiftMigration = 0700;
				LastSwiftUpdateCheck = 0700;
				LastUpgradeCheck = 1020;
				ORGANIZATIONNAME = Karmadust;
				TargetAttributes = {
					ADC21D7A208C5DE400200022 = {
						CreatedOnToolsVersion = 9.4;
						LastSwiftMigration = 1020;
						ProvisioningStyle = Automatic;
					};
					BEFD654E1ACC072000ADE917 = {
						CreatedOnToolsVersion = 6.2;
						DevelopmentTeam = Dev;
						LastSwiftMigration = 1020;
						ProvisioningStyle = Automatic;
					};
					BEFD65631ACC072000ADE917 = {
						CreatedOnToolsVersion = 6.2;
						LastSwiftMigration = 0900;
						TestTargetID = BEFD654E1ACC072000ADE917;
					};
				};
			};
			buildConfigurationList = BEFD654A1ACC072000ADE917 /* Build configuration list for PBXProject "CalendarView" */;
			compatibilityVersion = "Xcode 3.2";
			developmentRegion = en;
			hasScannedForEncodings = 0;
			knownRegions = (
				en,
				Base,
			);
			mainGroup = BEFD65461ACC072000ADE917;
			productRefGroup = BEFD65501ACC072000ADE917 /* Products */;
			projectDirPath = "";
			projectRoot = "";
			targets = (
				BEFD654E1ACC072000ADE917 /* CalendarView */,
				BEFD65631ACC072000ADE917 /* CalendarViewTests */,
				ADC21D7A208C5DE400200022 /* CalendarView_iOS */,
			);
		};
/* End PBXProject section */

/* Begin PBXResourcesBuildPhase section */
		ADC21D79208C5DE400200022 /* Resources */ = {
			isa = PBXResourcesBuildPhase;
			buildActionMask = 2147483647;
			files = (
			);
			runOnlyForDeploymentPostprocessing = 0;
		};
		BEFD654D1ACC072000ADE917 /* Resources */ = {
			isa = PBXResourcesBuildPhase;
			buildActionMask = 2147483647;
			files = (
				BEFD655A1ACC072000ADE917 /* Main.storyboard in Resources */,
				BEFD655F1ACC072000ADE917 /* LaunchScreen.xib in Resources */,
				BEFD655C1ACC072000ADE917 /* Images.xcassets in Resources */,
			);
			runOnlyForDeploymentPostprocessing = 0;
		};
		BEFD65621ACC072000ADE917 /* Resources */ = {
			isa = PBXResourcesBuildPhase;
			buildActionMask = 2147483647;
			files = (
			);
			runOnlyForDeploymentPostprocessing = 0;
		};
/* End PBXResourcesBuildPhase section */

/* Begin PBXSourcesBuildPhase section */
		ADC21D76208C5DE400200022 /* Sources */ = {
			isa = PBXSourcesBuildPhase;
			buildActionMask = 2147483647;
			files = (
				ADC21D89208C5DED00200022 /* CalendarView+Style.swift in Sources */,
				ADC21D8F208C5DEE00200022 /* EventsManager.swift in Sources */,
				ADC21D8D208C5DED00200022 /* CalendarView+DataSource.swift in Sources */,
				ADC21D8E208C5DEE00200022 /* CalendarView+Delegate.swift in Sources */,
				ADC21D88208C5DED00200022 /* CalendarView.swift in Sources */,
				ADC21D8A208C5DED00200022 /* CalendarDayCell.swift in Sources */,
				ADC21D8C208C5DED00200022 /* CalendarHeaderView.swift in Sources */,
				ADC21D8B208C5DED00200022 /* CalendarFlowLayout.swift in Sources */,
				ADC21D90208C5DEE00200022 /* CalendarView+Extensions.swift in Sources */,
			);
			runOnlyForDeploymentPostprocessing = 0;
		};
		BEFD654B1ACC072000ADE917 /* Sources */ = {
			isa = PBXSourcesBuildPhase;
			buildActionMask = 2147483647;
			files = (
				FC3FB28A200F912000469B6B /* CalendarView+Style.swift in Sources */,
				BEFD65571ACC072000ADE917 /* ViewController.swift in Sources */,
				C7EF3F4A1F9F8DF800C2DF2D /* CalendarView+Extensions.swift in Sources */,
				C7EF3F481F9F84ED00C2DF2D /* CalendarView+Delegate.swift in Sources */,
				BEFD65551ACC072000ADE917 /* AppDelegate.swift in Sources */,
				C7EF3F461F9F846000C2DF2D /* CalendarView+DataSource.swift in Sources */,
				C7EF3F4C1FA1D6F900C2DF2D /* EventsManager.swift in Sources */,
				C7C16A731CBBE536004DC8CF /* CalendarView.swift in Sources */,
				C7C16A701CBBE536004DC8CF /* CalendarDayCell.swift in Sources */,
				C7C16A721CBBE536004DC8CF /* CalendarHeaderView.swift in Sources */,
				C7C16A711CBBE536004DC8CF /* CalendarFlowLayout.swift in Sources */,
			);
			runOnlyForDeploymentPostprocessing = 0;
		};
		BEFD65601ACC072000ADE917 /* Sources */ = {
			isa = PBXSourcesBuildPhase;
			buildActionMask = 2147483647;
			files = (
				BEFD656B1ACC072000ADE917 /* KDCalendarTests.swift in Sources */,
			);
			runOnlyForDeploymentPostprocessing = 0;
		};
/* End PBXSourcesBuildPhase section */

/* Begin PBXTargetDependency section */
		ADC21D81208C5DE400200022 /* PBXTargetDependency */ = {
			isa = PBXTargetDependency;
			target = ADC21D7A208C5DE400200022 /* CalendarView_iOS */;
			targetProxy = ADC21D80208C5DE400200022 /* PBXContainerItemProxy */;
		};
		BEFD65661ACC072000ADE917 /* PBXTargetDependency */ = {
			isa = PBXTargetDependency;
			target = BEFD654E1ACC072000ADE917 /* CalendarView */;
			targetProxy = BEFD65651ACC072000ADE917 /* PBXContainerItemProxy */;
		};
/* End PBXTargetDependency section */

/* Begin PBXVariantGroup section */
		BEFD65581ACC072000ADE917 /* Main.storyboard */ = {
			isa = PBXVariantGroup;
			children = (
				BEFD65591ACC072000ADE917 /* Base */,
			);
			name = Main.storyboard;
			sourceTree = "<group>";
		};
		BEFD655D1ACC072000ADE917 /* LaunchScreen.xib */ = {
			isa = PBXVariantGroup;
			children = (
				BEFD655E1ACC072000ADE917 /* Base */,
			);
			name = LaunchScreen.xib;
			sourceTree = "<group>";
		};
/* End PBXVariantGroup section */

/* Begin XCBuildConfiguration section */
		ADC21D84208C5DE400200022 /* Debug */ = {
			isa = XCBuildConfiguration;
			buildSettings = {
				CLANG_ANALYZER_NONNULL = YES;
				CLANG_ANALYZER_NUMBER_OBJECT_CONVERSION = YES_AGGRESSIVE;
				CLANG_CXX_LANGUAGE_STANDARD = "gnu++14";
				CLANG_ENABLE_OBJC_WEAK = YES;
				CLANG_WARN_DEPRECATED_OBJC_IMPLEMENTATIONS = YES;
				CLANG_WARN_DOCUMENTATION_COMMENTS = YES;
				CLANG_WARN_OBJC_IMPLICIT_RETAIN_SELF = YES;
				CLANG_WARN_UNGUARDED_AVAILABILITY = YES_AGGRESSIVE;
				CODE_SIGN_IDENTITY = "";
				CODE_SIGN_STYLE = Automatic;
				CURRENT_PROJECT_VERSION = 1;
				DEBUG_INFORMATION_FORMAT = dwarf;
				DEFINES_MODULE = YES;
				DEVELOPMENT_TEAM = "";
				DYLIB_COMPATIBILITY_VERSION = 1;
				DYLIB_CURRENT_VERSION = 1;
				DYLIB_INSTALL_NAME_BASE = "@rpath";
				GCC_C_LANGUAGE_STANDARD = gnu11;
				INFOPLIST_FILE = "CalendarView iOS/Info.plist";
				INSTALL_PATH = "$(LOCAL_LIBRARY_DIR)/Frameworks";
				IPHONEOS_DEPLOYMENT_TARGET = 8.0;
				LD_RUNPATH_SEARCH_PATHS = "$(inherited) @executable_path/Frameworks @loader_path/Frameworks";
				PRODUCT_BUNDLE_IDENTIFIER = "com.dacostafaro.CalendarView-iOS";
				PRODUCT_NAME = "$(TARGET_NAME:c99extidentifier)";
				SKIP_INSTALL = YES;
				SWIFT_ACTIVE_COMPILATION_CONDITIONS = DEBUG;
				SWIFT_VERSION = 5.0;
				TARGETED_DEVICE_FAMILY = "1,2";
				VERSIONING_SYSTEM = "apple-generic";
				VERSION_INFO_PREFIX = "";
			};
			name = Debug;
		};
		ADC21D85208C5DE400200022 /* Release */ = {
			isa = XCBuildConfiguration;
			buildSettings = {
				CLANG_ANALYZER_NONNULL = YES;
				CLANG_ANALYZER_NUMBER_OBJECT_CONVERSION = YES_AGGRESSIVE;
				CLANG_CXX_LANGUAGE_STANDARD = "gnu++14";
				CLANG_ENABLE_OBJC_WEAK = YES;
				CLANG_WARN_DEPRECATED_OBJC_IMPLEMENTATIONS = YES;
				CLANG_WARN_DOCUMENTATION_COMMENTS = YES;
				CLANG_WARN_OBJC_IMPLICIT_RETAIN_SELF = YES;
				CLANG_WARN_UNGUARDED_AVAILABILITY = YES_AGGRESSIVE;
				CODE_SIGN_IDENTITY = "";
				CODE_SIGN_STYLE = Automatic;
				CURRENT_PROJECT_VERSION = 1;
				DEBUG_INFORMATION_FORMAT = "dwarf-with-dsym";
				DEFINES_MODULE = YES;
				DEVELOPMENT_TEAM = "";
				DYLIB_COMPATIBILITY_VERSION = 1;
				DYLIB_CURRENT_VERSION = 1;
				DYLIB_INSTALL_NAME_BASE = "@rpath";
				GCC_C_LANGUAGE_STANDARD = gnu11;
				INFOPLIST_FILE = "CalendarView iOS/Info.plist";
				INSTALL_PATH = "$(LOCAL_LIBRARY_DIR)/Frameworks";
				IPHONEOS_DEPLOYMENT_TARGET = 8.0;
				LD_RUNPATH_SEARCH_PATHS = "$(inherited) @executable_path/Frameworks @loader_path/Frameworks";
				PRODUCT_BUNDLE_IDENTIFIER = "com.dacostafaro.CalendarView-iOS";
				PRODUCT_NAME = "$(TARGET_NAME:c99extidentifier)";
				SKIP_INSTALL = YES;
				SWIFT_VERSION = 5.0;
				TARGETED_DEVICE_FAMILY = "1,2";
				VERSIONING_SYSTEM = "apple-generic";
				VERSION_INFO_PREFIX = "";
			};
			name = Release;
		};
		BEFD656C1ACC072000ADE917 /* Debug */ = {
			isa = XCBuildConfiguration;
			buildSettings = {
				ALWAYS_SEARCH_USER_PATHS = NO;
				CLANG_ANALYZER_LOCALIZABILITY_NONLOCALIZED = YES;
				CLANG_CXX_LANGUAGE_STANDARD = "gnu++0x";
				CLANG_CXX_LIBRARY = "libc++";
				CLANG_ENABLE_MODULES = YES;
				CLANG_ENABLE_OBJC_ARC = YES;
				CLANG_WARN_BLOCK_CAPTURE_AUTORELEASING = YES;
				CLANG_WARN_BOOL_CONVERSION = YES;
				CLANG_WARN_COMMA = YES;
				CLANG_WARN_CONSTANT_CONVERSION = YES;
				CLANG_WARN_DEPRECATED_OBJC_IMPLEMENTATIONS = YES;
				CLANG_WARN_DIRECT_OBJC_ISA_USAGE = YES_ERROR;
				CLANG_WARN_EMPTY_BODY = YES;
				CLANG_WARN_ENUM_CONVERSION = YES;
				CLANG_WARN_INFINITE_RECURSION = YES;
				CLANG_WARN_INT_CONVERSION = YES;
				CLANG_WARN_NON_LITERAL_NULL_CONVERSION = YES;
				CLANG_WARN_OBJC_IMPLICIT_RETAIN_SELF = YES;
				CLANG_WARN_OBJC_LITERAL_CONVERSION = YES;
				CLANG_WARN_OBJC_ROOT_CLASS = YES_ERROR;
				CLANG_WARN_RANGE_LOOP_ANALYSIS = YES;
				CLANG_WARN_STRICT_PROTOTYPES = YES;
				CLANG_WARN_SUSPICIOUS_MOVE = YES;
				CLANG_WARN_UNREACHABLE_CODE = YES;
				CLANG_WARN__DUPLICATE_METHOD_MATCH = YES;
				"CODE_SIGN_IDENTITY[sdk=iphoneos*]" = "iPhone Developer";
				COPY_PHASE_STRIP = NO;
				ENABLE_STRICT_OBJC_MSGSEND = YES;
				ENABLE_TESTABILITY = YES;
				GCC_C_LANGUAGE_STANDARD = gnu99;
				GCC_DYNAMIC_NO_PIC = NO;
				GCC_NO_COMMON_BLOCKS = YES;
				GCC_OPTIMIZATION_LEVEL = 0;
				GCC_PREPROCESSOR_DEFINITIONS = (
					"DEBUG=1",
					"$(inherited)",
				);
				GCC_SYMBOLS_PRIVATE_EXTERN = NO;
				GCC_WARN_64_TO_32_BIT_CONVERSION = YES;
				GCC_WARN_ABOUT_RETURN_TYPE = YES_ERROR;
				GCC_WARN_UNDECLARED_SELECTOR = YES;
				GCC_WARN_UNINITIALIZED_AUTOS = YES_AGGRESSIVE;
				GCC_WARN_UNUSED_FUNCTION = YES;
				GCC_WARN_UNUSED_VARIABLE = YES;
				IPHONEOS_DEPLOYMENT_TARGET = 8.0;
				MTL_ENABLE_DEBUG_INFO = YES;
				ONLY_ACTIVE_ARCH = YES;
				SDKROOT = iphoneos;
				SWIFT_OPTIMIZATION_LEVEL = "-Onone";
				SWIFT_VERSION = 4.0;
			};
			name = Debug;
		};
		BEFD656D1ACC072000ADE917 /* Release */ = {
			isa = XCBuildConfiguration;
			buildSettings = {
				ALWAYS_SEARCH_USER_PATHS = NO;
				CLANG_ANALYZER_LOCALIZABILITY_NONLOCALIZED = YES;
				CLANG_CXX_LANGUAGE_STANDARD = "gnu++0x";
				CLANG_CXX_LIBRARY = "libc++";
				CLANG_ENABLE_MODULES = YES;
				CLANG_ENABLE_OBJC_ARC = YES;
				CLANG_WARN_BLOCK_CAPTURE_AUTORELEASING = YES;
				CLANG_WARN_BOOL_CONVERSION = YES;
				CLANG_WARN_COMMA = YES;
				CLANG_WARN_CONSTANT_CONVERSION = YES;
				CLANG_WARN_DEPRECATED_OBJC_IMPLEMENTATIONS = YES;
				CLANG_WARN_DIRECT_OBJC_ISA_USAGE = YES_ERROR;
				CLANG_WARN_EMPTY_BODY = YES;
				CLANG_WARN_ENUM_CONVERSION = YES;
				CLANG_WARN_INFINITE_RECURSION = YES;
				CLANG_WARN_INT_CONVERSION = YES;
				CLANG_WARN_NON_LITERAL_NULL_CONVERSION = YES;
				CLANG_WARN_OBJC_IMPLICIT_RETAIN_SELF = YES;
				CLANG_WARN_OBJC_LITERAL_CONVERSION = YES;
				CLANG_WARN_OBJC_ROOT_CLASS = YES_ERROR;
				CLANG_WARN_RANGE_LOOP_ANALYSIS = YES;
				CLANG_WARN_STRICT_PROTOTYPES = YES;
				CLANG_WARN_SUSPICIOUS_MOVE = YES;
				CLANG_WARN_UNREACHABLE_CODE = YES;
				CLANG_WARN__DUPLICATE_METHOD_MATCH = YES;
				"CODE_SIGN_IDENTITY[sdk=iphoneos*]" = "iPhone Developer";
				COPY_PHASE_STRIP = NO;
				ENABLE_NS_ASSERTIONS = NO;
				ENABLE_STRICT_OBJC_MSGSEND = YES;
				GCC_C_LANGUAGE_STANDARD = gnu99;
				GCC_NO_COMMON_BLOCKS = YES;
				GCC_WARN_64_TO_32_BIT_CONVERSION = YES;
				GCC_WARN_ABOUT_RETURN_TYPE = YES_ERROR;
				GCC_WARN_UNDECLARED_SELECTOR = YES;
				GCC_WARN_UNINITIALIZED_AUTOS = YES_AGGRESSIVE;
				GCC_WARN_UNUSED_FUNCTION = YES;
				GCC_WARN_UNUSED_VARIABLE = YES;
				IPHONEOS_DEPLOYMENT_TARGET = 8.0;
				MTL_ENABLE_DEBUG_INFO = NO;
				SDKROOT = iphoneos;
				SWIFT_OPTIMIZATION_LEVEL = "-Owholemodule";
				SWIFT_VERSION = 4.0;
				VALIDATE_PRODUCT = YES;
			};
			name = Release;
		};
		BEFD656F1ACC072000ADE917 /* Debug */ = {
			isa = XCBuildConfiguration;
			buildSettings = {
				ALWAYS_EMBED_SWIFT_STANDARD_LIBRARIES = YES;
				ASSETCATALOG_COMPILER_APPICON_NAME = AppIcon;
				CODE_SIGN_IDENTITY = "iPhone Developer";
				CODE_SIGN_STYLE = Automatic;
				DEVELOPMENT_TEAM = Dev;
				INFOPLIST_FILE = KDCalendar/Info.plist;
				IPHONEOS_DEPLOYMENT_TARGET = 8.0;
				LD_RUNPATH_SEARCH_PATHS = "$(inherited) @executable_path/Frameworks";
				PRODUCT_BUNDLE_IDENTIFIER = "KD.$(PRODUCT_NAME:rfc1034identifier)";
				PRODUCT_NAME = "$(TARGET_NAME)";
				PROVISIONING_PROFILE_SPECIFIER = "";
				SWIFT_ACTIVE_COMPILATION_CONDITIONS = KDCALENDAR_EVENT_MANAGER_ENABLED;
				SWIFT_VERSION = 5.0;
			};
			name = Debug;
		};
		BEFD65701ACC072000ADE917 /* Release */ = {
			isa = XCBuildConfiguration;
			buildSettings = {
				ALWAYS_EMBED_SWIFT_STANDARD_LIBRARIES = YES;
				ASSETCATALOG_COMPILER_APPICON_NAME = AppIcon;
				CODE_SIGN_IDENTITY = "iPhone Developer";
				CODE_SIGN_STYLE = Automatic;
				DEVELOPMENT_TEAM = Dev;
				INFOPLIST_FILE = KDCalendar/Info.plist;
				IPHONEOS_DEPLOYMENT_TARGET = 8.0;
				LD_RUNPATH_SEARCH_PATHS = "$(inherited) @executable_path/Frameworks";
				PRODUCT_BUNDLE_IDENTIFIER = "KD.$(PRODUCT_NAME:rfc1034identifier)";
				PRODUCT_NAME = "$(TARGET_NAME)";
				PROVISIONING_PROFILE_SPECIFIER = "";
				SWIFT_ACTIVE_COMPILATION_CONDITIONS = KDCALENDAR_EVENT_MANAGER_ENABLED;
				SWIFT_VERSION = 5.0;
			};
			name = Release;
		};
		BEFD65721ACC072000ADE917 /* Debug */ = {
			isa = XCBuildConfiguration;
			buildSettings = {
				BUNDLE_LOADER = "$(TEST_HOST)";
				FRAMEWORK_SEARCH_PATHS = (
					"$(SDKROOT)/Developer/Library/Frameworks",
					"$(inherited)",
				);
				GCC_PREPROCESSOR_DEFINITIONS = (
					"DEBUG=1",
					"$(inherited)",
				);
				INFOPLIST_FILE = KDCalendarTests/Info.plist;
				LD_RUNPATH_SEARCH_PATHS = "$(inherited) @executable_path/Frameworks @loader_path/Frameworks";
				PRODUCT_BUNDLE_IDENTIFIER = "KD.$(PRODUCT_NAME:rfc1034identifier)";
				PRODUCT_NAME = "$(TARGET_NAME)";
				SWIFT_VERSION = 4.0;
				TEST_HOST = "$(BUILT_PRODUCTS_DIR)/CalendarView.app/CalendarView";
			};
			name = Debug;
		};
		BEFD65731ACC072000ADE917 /* Release */ = {
			isa = XCBuildConfiguration;
			buildSettings = {
				BUNDLE_LOADER = "$(TEST_HOST)";
				FRAMEWORK_SEARCH_PATHS = (
					"$(SDKROOT)/Developer/Library/Frameworks",
					"$(inherited)",
				);
				INFOPLIST_FILE = KDCalendarTests/Info.plist;
				LD_RUNPATH_SEARCH_PATHS = "$(inherited) @executable_path/Frameworks @loader_path/Frameworks";
				PRODUCT_BUNDLE_IDENTIFIER = "KD.$(PRODUCT_NAME:rfc1034identifier)";
				PRODUCT_NAME = "$(TARGET_NAME)";
				SWIFT_VERSION = 4.0;
				TEST_HOST = "$(BUILT_PRODUCTS_DIR)/CalendarView.app/CalendarView";
			};
			name = Release;
		};
/* End XCBuildConfiguration section */

/* Begin XCConfigurationList section */
		ADC21D86208C5DE400200022 /* Build configuration list for PBXNativeTarget "CalendarView_iOS" */ = {
			isa = XCConfigurationList;
			buildConfigurations = (
				ADC21D84208C5DE400200022 /* Debug */,
				ADC21D85208C5DE400200022 /* Release */,
			);
			defaultConfigurationIsVisible = 0;
			defaultConfigurationName = Release;
		};
		BEFD654A1ACC072000ADE917 /* Build configuration list for PBXProject "CalendarView" */ = {
			isa = XCConfigurationList;
			buildConfigurations = (
				BEFD656C1ACC072000ADE917 /* Debug */,
				BEFD656D1ACC072000ADE917 /* Release */,
			);
			defaultConfigurationIsVisible = 0;
			defaultConfigurationName = Release;
		};
		BEFD656E1ACC072000ADE917 /* Build configuration list for PBXNativeTarget "CalendarView" */ = {
			isa = XCConfigurationList;
			buildConfigurations = (
				BEFD656F1ACC072000ADE917 /* Debug */,
				BEFD65701ACC072000ADE917 /* Release */,
			);
			defaultConfigurationIsVisible = 0;
			defaultConfigurationName = Release;
		};
		BEFD65711ACC072000ADE917 /* Build configuration list for PBXNativeTarget "CalendarViewTests" */ = {
			isa = XCConfigurationList;
			buildConfigurations = (
				BEFD65721ACC072000ADE917 /* Debug */,
				BEFD65731ACC072000ADE917 /* Release */,
			);
			defaultConfigurationIsVisible = 0;
			defaultConfigurationName = Release;
		};
/* End XCConfigurationList section */
	};
	rootObject = BEFD65471ACC072000ADE917 /* Project object */;
}
